
Microsoft Visual Studio Solution File, Format Version 12.00
# Visual Studio Version 17
VisualStudioVersion = 17.10.35013.160
MinimumVisualStudioVersion = 10.0.40219.1
Project("{FAE04EC0-301F-11D3-BF4B-00C04F79EFBC}") = "Murray.Arbritage.Api", "Murray.Arbritage.Api\Murray.Arbritage.Api.csproj", "{F54E82B8-897D-4FB0-A4AF-9966C3D030D8}"
EndProject
Global
	GlobalSection(SolutionConfigurationPlatforms) = preSolution
		Debug|Any CPU = Debug|Any CPU
		Release|Any CPU = Release|Any CPU
	EndGlobalSection
	GlobalSection(ProjectConfigurationPlatforms) = postSolution
		{F54E82B8-897D-4FB0-A4AF-9966C3D030D8}.Debug|Any CPU.ActiveCfg = Debug|Any CPU
		{F54E82B8-897D-4FB0-A4AF-9966C3D030D8}.Debug|Any CPU.Build.0 = Debug|Any CPU
		{F54E82B8-897D-4FB0-A4AF-9966C3D030D8}.Release|Any CPU.ActiveCfg = Release|Any CPU
		{F54E82B8-897D-4FB0-A4AF-9966C3D030D8}.Release|Any CPU.Build.0 = Release|Any CPU
	EndGlobalSection
	GlobalSection(SolutionProperties) = preSolution
		HideSolutionNode = FALSE
	EndGlobalSection
	GlobalSection(ExtensibilityGlobals) = postSolution
		SolutionGuid = {B40D6627-ACFF-4D69-86B0-0C03D86FA32A}
	EndGlobalSection
EndGlobal
